
Microsoft Visual Studio Solution File, Format Version 12.00
# Visual Studio Version 17
VisualStudioVersion = 17.4.33122.133
MinimumVisualStudioVersion = 10.0.40219.1
Project("{8BC9CEB8-8B4A-11D0-8D11-00A0C91BC942}") = "IkiSayiArasindakiTekSayilar", "IkiSayiArasindakiTekSayilar.vcxproj", "{D06D864D-0855-4571-9F57-17374383642B}"
EndProject
Global
	GlobalSection(SolutionConfigurationPlatforms) = preSolution
		Debug|x64 = Debug|x64
		Debug|x86 = Debug|x86
		Release|x64 = Release|x64
		Release|x86 = Release|x86
	EndGlobalSection
	GlobalSection(ProjectConfigurationPlatforms) = postSolution
		{D06D864D-0855-4571-9F57-17374383642B}.Debug|x64.ActiveCfg = Debug|x64
		{D06D864D-0855-4571-9F57-17374383642B}.Debug|x64.Build.0 = Debug|x64
		{D06D864D-0855-4571-9F57-17374383642B}.Debug|x86.ActiveCfg = Debug|Win32
		{D06D864D-0855-4571-9F57-17374383642B}.Debug|x86.Build.0 = Debug|Win32
		{D06D864D-0855-4571-9F57-17374383642B}.Release|x64.ActiveCfg = Release|x64
		{D06D864D-0855-4571-9F57-17374383642B}.Release|x64.Build.0 = Release|x64
		{D06D864D-0855-4571-9F57-17374383642B}.Release|x86.ActiveCfg = Release|Win32
		{D06D864D-0855-4571-9F57-17374383642B}.Release|x86.Build.0 = Release|Win32
	EndGlobalSection
	GlobalSection(SolutionProperties) = preSolution
		HideSolutionNode = FALSE
	EndGlobalSection
	GlobalSection(ExtensibilityGlobals) = postSolution
		SolutionGuid = {EC4BD92B-E149-4505-B39C-9EC997712B77}
	EndGlobalSection
EndGlobal
