
Microsoft Visual Studio Solution File, Format Version 12.00
# Visual Studio Version 17
VisualStudioVersion = 17.4.33122.133
MinimumVisualStudioVersion = 10.0.40219.1
Project("{8BC9CEB8-8B4A-11D0-8D11-00A0C91BC942}") = "DaireAlaniHesaplama", "DaireAlaniHesaplama.vcxproj", "{04426B22-CDF2-46D1-9375-7BF666A2558C}"
EndProject
Global
	GlobalSection(SolutionConfigurationPlatforms) = preSolution
		Debug|x64 = Debug|x64
		Debug|x86 = Debug|x86
		Release|x64 = Release|x64
		Release|x86 = Release|x86
	EndGlobalSection
	GlobalSection(ProjectConfigurationPlatforms) = postSolution
		{04426B22-CDF2-46D1-9375-7BF666A2558C}.Debug|x64.ActiveCfg = Debug|x64
		{04426B22-CDF2-46D1-9375-7BF666A2558C}.Debug|x64.Build.0 = Debug|x64
		{04426B22-CDF2-46D1-9375-7BF666A2558C}.Debug|x86.ActiveCfg = Debug|Win32
		{04426B22-CDF2-46D1-9375-7BF666A2558C}.Debug|x86.Build.0 = Debug|Win32
		{04426B22-CDF2-46D1-9375-7BF666A2558C}.Release|x64.ActiveCfg = Release|x64
		{04426B22-CDF2-46D1-9375-7BF666A2558C}.Release|x64.Build.0 = Release|x64
		{04426B22-CDF2-46D1-9375-7BF666A2558C}.Release|x86.ActiveCfg = Release|Win32
		{04426B22-CDF2-46D1-9375-7BF666A2558C}.Release|x86.Build.0 = Release|Win32
	EndGlobalSection
	GlobalSection(SolutionProperties) = preSolution
		HideSolutionNode = FALSE
	EndGlobalSection
	GlobalSection(ExtensibilityGlobals) = postSolution
		SolutionGuid = {59045628-CD11-42F3-8802-2D38E8EF4372}
	EndGlobalSection
EndGlobal
